# THIS IS AN AUTOGENERATED FILE. DO NOT EDIT THIS FILE DIRECTLY.
# yarn lockfile v1


dayjs@^1.10.7:
  version "1.11.5"
  resolved "https://registry.yarnpkg.com/dayjs/-/dayjs-1.11.5.tgz#00e8cc627f231f9499c19b38af49f56dc0ac5e93"
  integrity sha512-CAdX5Q3YW3Gclyo5Vpqkgpj8fSdLQcRuzfX6mC6Phy0nfJ0eGYOeS7m4mt2plDWLAtA4TqTakvbboHvUxfe4iA==

miniprogram-api-typings@^2.8.3-1:
  version "2.12.0"
  resolved "https://registry.yarnpkg.com/miniprogram-api-typings/-/miniprogram-api-typings-2.12.0.tgz#7a29c90f3e5efa36588422d1f01e22d3394aaaa1"
  integrity sha512-ibvbqeslVFur0IAvTxLMvsbtvVcMo6gwvOnj0YZHV7aeDLu091VQRrETT2QuiG9P6aZWRcxeNGJChRKVPCp9VQ==

tdesign-miniprogram@^0.21.2:
  version "0.21.2"
  resolved "https://registry.yarnpkg.com/tdesign-miniprogram/-/tdesign-miniprogram-0.21.2.tgz#bde60bc75c2144d60a892af6c96cc846425014aa"
  integrity sha512-kvP1hVg9K871epciw8nht5DZcQqTFxmQ5czSwLm7kLXqBYAnq7vF5cj+gbE1/6FYS6c7ENaDvVY+lr2Wnl90ag==
  dependencies:
    dayjs "^1.10.7"
